{
  "name": ".wx-cli-tools",
  "lockfileVersion": 3,
  "requires": true,
  "packages": {
    "": {
      "dependencies": {
        "@jackwener/wx-cli": "^0.1.10"
      }
    },
    "node_modules/@jackwener/wx-cli": {
      "version": "0.1.10",
      "resolved": "https://registry.npmjs.org/@jackwener/wx-cli/-/wx-cli-0.1.10.tgz",
      "integrity": "sha512-I6+cSxE6GVOQpgrWDRbtLDK+qyJ3w183CPk4Wxm03/1h5h1xXoStUoUJumqysaJHrjqc34d7sgCZqB2Kh7o42w==",
      "hasInstallScript": true,
      "license": "Apache-2.0",
      "bin": {
        "wx": "bin/wx.js"
      },
      "engines": {
        "node": ">=14"
      },
      "optionalDependencies": {
        "@jackwener/wx-cli-darwin-arm64": "0.1.10",
        "@jackwener/wx-cli-darwin-x64": "0.1.10",
        "@jackwener/wx-cli-linux-arm64": "0.1.10",
        "@jackwener/wx-cli-linux-x64": "0.1.10",
        "@jackwener/wx-cli-win32-x64": "0.1.10"
      }
    },
    "node_modules/@jackwener/wx-cli-darwin-arm64": {
      "version": "0.1.10",
      "resolved": "https://registry.npmjs.org/@jackwener/wx-cli-darwin-arm64/-/wx-cli-darwin-arm64-0.1.10.tgz",
      "integrity": "sha512-+YW1cNH8eUv/78eyj00fVvIV0YiF48eOEcoGeMvzyWrkgkLcWj8nu3SqOIL4y5eFV69K6uxr4+Usz3maMd83/g==",
      "cpu": [
        "arm64"
      ],
      "license": "Apache-2.0",
      "optional": true,
      "os": [
        "darwin"
      ]
    },
    "node_modules/@jackwener/wx-cli-darwin-x64": {
      "version": "0.1.10",
      "resolved": "https://registry.npmjs.org/@jackwener/wx-cli-darwin-x64/-/wx-cli-darwin-x64-0.1.10.tgz",
      "integrity": "sha512-BPObgCxwCJoNLawKsubO7fmRRN6KS4nrovZSGzV7pXRFmyJ6N4NT3R/WCypoit4clQxwRrSvieZADR8SkYZvnw==",
      "cpu": [
        "x64"
      ],
      "license": "Apache-2.0",
      "optional": true,
      "os": [
        "darwin"
      ]
    },
    "node_modules/@jackwener/wx-cli-linux-arm64": {
      "version": "0.1.10",
      "resolved": "https://registry.npmjs.org/@jackwener/wx-cli-linux-arm64/-/wx-cli-linux-arm64-0.1.10.tgz",
      "integrity": "sha512-hLmnHOD6NnVNjC2a4kO/O0Rh/8ON1bOAwbwWay8RjFXVst8UMCxKxpZ0ep+FO5OYt6LQNQlZPluytjR07HQ7oQ==",
      "cpu": [
        "arm64"
      ],
      "license": "Apache-2.0",
      "optional": true,
      "os": [
        "linux"
      ]
    },
    "node_modules/@jackwener/wx-cli-linux-x64": {
      "version": "0.1.10",
      "resolved": "https://registry.npmjs.org/@jackwener/wx-cli-linux-x64/-/wx-cli-linux-x64-0.1.10.tgz",
      "integrity": "sha512-xBaiJhto31wpNQo9n8Jv9yGIHlMP5hNBHpBB6++mSFFSJw/FAUT+KW2aVEjXl3tFsOYXlAYU36hsNkGGK7A6fQ==",
      "cpu": [
        "x64"
      ],
      "license": "Apache-2.0",
      "optional": true,
      "os": [
        "linux"
      ]
    },
    "node_modules/@jackwener/wx-cli-win32-x64": {
      "version": "0.1.10",
      "resolved": "https://registry.npmjs.org/@jackwener/wx-cli-win32-x64/-/wx-cli-win32-x64-0.1.10.tgz",
      "integrity": "sha512-baSIykCOOpzj101N8Yqo2DWByZEmH+/OFPhCy0n2yhFjzBU6jZI7/Bkx7QKnwxNAL02dUUeSzFbpkw81xEPYFg==",
      "cpu": [
        "x64"
      ],
      "license": "Apache-2.0",
      "optional": true,
      "os": [
        "win32"
      ]
    }
  }
}
